github.com/tabnas/debug/go v0.3.1 h1:78f+cyhOzbX4wuuGTANAPDC18DrJtqzIPornhqwRu9k=
github.com/tabnas/debug/go v0.3.1/go.mod h1:oCymPH34AV5UWh4vpaQFhmVcr4ISki+O43J40Ber0Pw=
github.com/tabnas/json/go v0.5.1 h1:LSEX0wsN5U9gof4rIHWc2QWMdZ1cTjn5RL/yJGYZRvs=
github.com/tabnas/json/go v0.5.1/go.mod h1:evsnxxipQkOQPGIzCuwGN7bn8jZ1bEXv9pP3iMORo+w=
github.com/tabnas/parser/go v0.8.1 h1:cceJrsDycMX+HfmxuleCGi/rKIA+dH+/7rkAz8LN70A=
github.com/tabnas/parser/go v0.8.1/go.mod h1:WrlfEVyZ1QjEIowWiyEu3K1iHj7wxuPut5zoH9Trehk=
